
Microsoft Visual Studio Solution File, Format Version 12.00
# Visual Studio Version 17
VisualStudioVersion = 17.11.35222.181
MinimumVisualStudioVersion = 10.0.40219.1
Project("{FAE04EC0-301F-11D3-BF4B-00C04F79EFBC}") = "HW11SingleHost.Server", "HW11SingleHost.Server\HW11SingleHost.Server.csproj", "{AA2AF668-924E-4D49-A41A-BF6B351A12A8}"
EndProject
Project("{54A90642-561A-4BB1-A94E-469ADEE60C69}") = "hw11singlehost.client", "hw11singlehost.client\hw11singlehost.client.esproj", "{C3C9EBBA-3127-4E6D-AA52-00DB0CF1E147}"
EndProject
Global
	GlobalSection(SolutionConfigurationPlatforms) = preSolution
		Debug|Any CPU = Debug|Any CPU
		Release|Any CPU = Release|Any CPU
	EndGlobalSection
	GlobalSection(ProjectConfigurationPlatforms) = postSolution
		{AA2AF668-924E-4D49-A41A-BF6B351A12A8}.Debug|Any CPU.ActiveCfg = Debug|Any CPU
		{AA2AF668-924E-4D49-A41A-BF6B351A12A8}.Debug|Any CPU.Build.0 = Debug|Any CPU
		{AA2AF668-924E-4D49-A41A-BF6B351A12A8}.Release|Any CPU.ActiveCfg = Release|Any CPU
		{AA2AF668-924E-4D49-A41A-BF6B351A12A8}.Release|Any CPU.Build.0 = Release|Any CPU
		{C3C9EBBA-3127-4E6D-AA52-00DB0CF1E147}.Debug|Any CPU.ActiveCfg = Debug|Any CPU
		{C3C9EBBA-3127-4E6D-AA52-00DB0CF1E147}.Debug|Any CPU.Build.0 = Debug|Any CPU
		{C3C9EBBA-3127-4E6D-AA52-00DB0CF1E147}.Debug|Any CPU.Deploy.0 = Debug|Any CPU
		{C3C9EBBA-3127-4E6D-AA52-00DB0CF1E147}.Release|Any CPU.ActiveCfg = Release|Any CPU
		{C3C9EBBA-3127-4E6D-AA52-00DB0CF1E147}.Release|Any CPU.Build.0 = Release|Any CPU
		{C3C9EBBA-3127-4E6D-AA52-00DB0CF1E147}.Release|Any CPU.Deploy.0 = Release|Any CPU
	EndGlobalSection
	GlobalSection(SolutionProperties) = preSolution
		HideSolutionNode = FALSE
	EndGlobalSection
	GlobalSection(ExtensibilityGlobals) = postSolution
		SolutionGuid = {636F01D7-6057-4D98-895D-6D0383B0DE36}
	EndGlobalSection
EndGlobal
